// !$*UTF8*$!
{
	archiveVersion = 1;
	classes = {
	};
	objectVersion = 56;
	objects = {

/* Begin PBXBuildFile section */
		FE0CDE7C2B00D3070031C728 /* NewsHomeRowView.swift in Sources */ = {isa = PBXBuildFile; fileRef = FE0CDE7B2B00D3070031C728 /* NewsHomeRowView.swift */; };
		FE0CDE802B01058E0031C728 /* NewsHomeVM.swift in Sources */ = {isa = PBXBuildFile; fileRef = FE0CDE7F2B01058E0031C728 /* NewsHomeVM.swift */; };
		FE0CDE832B0108110031C728 /* Constants.swift in Sources */ = {isa = PBXBuildFile; fileRef = FE0CDE822B0108110031C728 /* Constants.swift */; };
		FE1E62092AD2F0C600971DC5 /* NewsAppApp.swift in Sources */ = {isa = PBXBuildFile; fileRef = FE1E62082AD2F0C600971DC5 /* NewsAppApp.swift */; };
		FE1E620D2AD2F0C800971DC5 /* Assets.xcassets in Resources */ = {isa = PBXBuildFile; fileRef = FE1E620C2AD2F0C800971DC5 /* Assets.xcassets */; };
		FE1E62102AD2F0C800971DC5 /* Preview Assets.xcassets in Resources */ = {isa = PBXBuildFile; fileRef = FE1E620F2AD2F0C800971DC5 /* Preview Assets.xcassets */; };
		FE1E62192AD2F5F900971DC5 /* CardView.swift in Sources */ = {isa = PBXBuildFile; fileRef = FE1E62182AD2F5F900971DC5 /* CardView.swift */; };
		FE1E621C2AD2FDF600971DC5 /* Color+Extensions.swift in Sources */ = {isa = PBXBuildFile; fileRef = FE1E621B2AD2FDF500971DC5 /* Color+Extensions.swift */; };
		FE1E621E2AD2FEA600971DC5 /* Color.xcassets in Resources */ = {isa = PBXBuildFile; fileRef = FE1E621D2AD2FEA600971DC5 /* Color.xcassets */; };
		FE1E62222AD30F4700971DC5 /* NetworkCustomImage.swift in Sources */ = {isa = PBXBuildFile; fileRef = FE1E62212AD30F4700971DC5 /* NetworkCustomImage.swift */; };
		FE75B1652B09030B00662E4C /* MainTabs.swift in Sources */ = {isa = PBXBuildFile; fileRef = FE75B1642B09030B00662E4C /* MainTabs.swift */; };
		FE892E6A2B00C43600F359B8 /* NewsHomeView.swift in Sources */ = {isa = PBXBuildFile; fileRef = FE892E692B00C43600F359B8 /* NewsHomeView.swift */; };
		FE8BEA7F2AF7D6E9008C0B1A /* SDWebImageSwiftUI in Frameworks */ = {isa = PBXBuildFile; productRef = FE8BEA7E2AF7D6E9008C0B1A /* SDWebImageSwiftUI */; };
		FE8BEA812AF7D723008C0B1A /* Search.swift in Sources */ = {isa = PBXBuildFile; fileRef = FE8BEA802AF7D723008C0B1A /* Search.swift */; };
		FE8BEA832AF7DE4E008C0B1A /* CharacterView.swift in Sources */ = {isa = PBXBuildFile; fileRef = FE8BEA822AF7DE4E008C0B1A /* CharacterView.swift */; };
		FEA1E0602ADF30D6003412BD /* TabBar.swift in Sources */ = {isa = PBXBuildFile; fileRef = FEA1E05F2ADF30D6003412BD /* TabBar.swift */; };
		FEA1E0622ADF378B003412BD /* TabButton.swift in Sources */ = {isa = PBXBuildFile; fileRef = FEA1E0612ADF378B003412BD /* TabButton.swift */; };
		FEA1E0832AE30946003412BD /* DemoHomeView.swift in Sources */ = {isa = PBXBuildFile; fileRef = FEA1E0822AE30946003412BD /* DemoHomeView.swift */; };
		FEA1E0862AE3D491003412BD /* DemoItem.swift in Sources */ = {isa = PBXBuildFile; fileRef = FEA1E0852AE3D491003412BD /* DemoItem.swift */; };
		FEA1E0882AE3EF60003412BD /* DemoCardView.swift in Sources */ = {isa = PBXBuildFile; fileRef = FEA1E0872AE3EF60003412BD /* DemoCardView.swift */; };
		FEA1E08C2AE42FCA003412BD /* NewsModel.swift in Sources */ = {isa = PBXBuildFile; fileRef = FEA1E08B2AE42FCA003412BD /* NewsModel.swift */; };
		FEBD2B0D2ADB251B00766043 /* CarouselView.swift in Sources */ = {isa = PBXBuildFile; fileRef = FEBD2B0C2ADB251B00766043 /* CarouselView.swift */; };
/* End PBXBuildFile section */

/* Begin PBXFileReference section */
		FE0CDE7B2B00D3070031C728 /* NewsHomeRowView.swift */ = {isa = PBXFileReference; lastKnownFileType = sourcecode.swift; path = NewsHomeRowView.swift; sourceTree = "<group>"; };
		FE0CDE7F2B01058E0031C728 /* NewsHomeVM.swift */ = {isa = PBXFileReference; lastKnownFileType = sourcecode.swift; path = NewsHomeVM.swift; sourceTree = "<group>"; };
		FE0CDE822B0108110031C728 /* Constants.swift */ = {isa = PBXFileReference; lastKnownFileType = sourcecode.swift; path = Constants.swift; sourceTree = "<group>"; };
		FE1E62052AD2F0C600971DC5 /* NewsApp.app */ = {isa = PBXFileReference; explicitFileType = wrapper.application; includeInIndex = 0; path = NewsApp.app; sourceTree = BUILT_PRODUCTS_DIR; };
		FE1E62082AD2F0C600971DC5 /* NewsAppApp.swift */ = {isa = PBXFileReference; lastKnownFileType = sourcecode.swift; path = NewsAppApp.swift; sourceTree = "<group>"; };
		FE1E620C2AD2F0C800971DC5 /* Assets.xcassets */ = {isa = PBXFileReference; lastKnownFileType = folder.assetcatalog; path = Assets.xcassets; sourceTree = "<group>"; };
		FE1E620F2AD2F0C800971DC5 /* Preview Assets.xcassets */ = {isa = PBXFileReference; lastKnownFileType = folder.assetcatalog; path = "Preview Assets.xcassets"; sourceTree = "<group>"; };
		FE1E62182AD2F5F900971DC5 /* CardView.swift */ = {isa = PBXFileReference; lastKnownFileType = sourcecode.swift; path = CardView.swift; sourceTree = "<group>"; };
		FE1E621B2AD2FDF500971DC5 /* Color+Extensions.swift */ = {isa = PBXFileReference; lastKnownFileType = sourcecode.swift; path = "Color+Extensions.swift"; sourceTree = "<group>"; };
		FE1E621D2AD2FEA600971DC5 /* Color.xcassets */ = {isa = PBXFileReference; lastKnownFileType = folder.assetcatalog; path = Color.xcassets; sourceTree = "<group>"; };
		FE1E62212AD30F4700971DC5 /* NetworkCustomImage.swift */ = {isa = PBXFileReference; lastKnownFileType = sourcecode.swift; path = NetworkCustomImage.swift; sourceTree = "<group>"; };
		FE75B1642B09030B00662E4C /* MainTabs.swift */ = {isa = PBXFileReference; lastKnownFileType = sourcecode.swift; path = MainTabs.swift; sourceTree = "<group>"; };
		FE892E692B00C43600F359B8 /* NewsHomeView.swift */ = {isa = PBXFileReference; lastKnownFileType = sourcecode.swift; path = NewsHomeView.swift; sourceTree = "<group>"; };
		FE8BEA802AF7D723008C0B1A /* Search.swift */ = {isa = PBXFileReference; lastKnownFileType = sourcecode.swift; path = Search.swift; sourceTree = "<group>"; };
		FE8BEA822AF7DE4E008C0B1A /* CharacterView.swift */ = {isa = PBXFileReference; lastKnownFileType = sourcecode.swift; path = CharacterView.swift; sourceTree = "<group>"; };
		FEA1E05F2ADF30D6003412BD /* TabBar.swift */ = {isa = PBXFileReference; lastKnownFileType = sourcecode.swift; path = TabBar.swift; sourceTree = "<group>"; };
		FEA1E0612ADF378B003412BD /* TabButton.swift */ = {isa = PBXFileReference; lastKnownFileType = sourcecode.swift; path = TabButton.swift; sourceTree = "<group>"; };
		FEA1E0822AE30946003412BD /* DemoHomeView.swift */ = {isa = PBXFileReference; lastKnownFileType = sourcecode.swift; path = DemoHomeView.swift; sourceTree = "<group>"; };
		FEA1E0852AE3D491003412BD /* DemoItem.swift */ = {isa = PBXFileReference; lastKnownFileType = sourcecode.swift; path = DemoItem.swift; sourceTree = "<group>"; };
		FEA1E0872AE3EF60003412BD /* DemoCardView.swift */ = {isa = PBXFileReference; lastKnownFileType = sourcecode.swift; path = DemoCardView.swift; sourceTree = "<group>"; };
		FEA1E08B2AE42FCA003412BD /* NewsModel.swift */ = {isa = PBXFileReference; lastKnownFileType = sourcecode.swift; path = NewsModel.swift; sourceTree = "<group>"; };
		FEBD2B0C2ADB251B00766043 /* CarouselView.swift */ = {isa = PBXFileReference; lastKnownFileType = sourcecode.swift; path = CarouselView.swift; sourceTree = "<group>"; };
/* End PBXFileReference section */

/* Begin PBXFrameworksBuildPhase section */
		FE1E62022AD2F0C600971DC5 /* Frameworks */ = {
			isa = PBXFrameworksBuildPhase;
			buildActionMask = 2147483647;
			files = (
				FE8BEA7F2AF7D6E9008C0B1A /* SDWebImageSwiftUI in Frameworks */,
			);
			runOnlyForDeploymentPostprocessing = 0;
		};
/* End PBXFrameworksBuildPhase section */

/* Begin PBXGroup section */
		FE0CDE7D2B01056D0031C728 /* View */ = {
			isa = PBXGroup;
			children = (
				FE892E692B00C43600F359B8 /* NewsHomeView.swift */,
				FE0CDE7B2B00D3070031C728 /* NewsHomeRowView.swift */,
			);
			path = View;
			sourceTree = "<group>";
		};
		FE0CDE7E2B0105760031C728 /* ViewModel */ = {
			isa = PBXGroup;
			children = (
				FE0CDE7F2B01058E0031C728 /* NewsHomeVM.swift */,
			);
			path = ViewModel;
			sourceTree = "<group>";
		};
		FE0CDE812B0107DF0031C728 /* Networking */ = {
			isa = PBXGroup;
			children = (
				FE0CDE822B0108110031C728 /* Constants.swift */,
			);
			path = Networking;
			sourceTree = "<group>";
		};
		FE1E61FC2AD2F0C600971DC5 = {
			isa = PBXGroup;
			children = (
				FE1E62072AD2F0C600971DC5 /* NewsApp */,
				FE1E62062AD2F0C600971DC5 /* Products */,
			);
			sourceTree = "<group>";
		};
		FE1E62062AD2F0C600971DC5 /* Products */ = {
			isa = PBXGroup;
			children = (
				FE1E62052AD2F0C600971DC5 /* NewsApp.app */,
			);
			name = Products;
			sourceTree = "<group>";
		};
		FE1E62072AD2F0C600971DC5 /* NewsApp */ = {
			isa = PBXGroup;
			children = (
				FE0CDE812B0107DF0031C728 /* Networking */,
				FEA1E0892AE42B51003412BD /* Model */,
				FEBD2B102ADB299900766043 /* App */,
				FEBD2B132ADB2A0000766043 /* Scenes */,
				FE1E62232AD3139600971DC5 /* CustomViews */,
				FEBD2B112ADB29BE00766043 /* ResourceHelpers */,
				FEBD2B122ADB29D900766043 /* Extensions */,
				FE1E620E2AD2F0C800971DC5 /* Preview Content */,
			);
			path = NewsApp;
			sourceTree = "<group>";
		};
		FE1E620E2AD2F0C800971DC5 /* Preview Content */ = {
			isa = PBXGroup;
			children = (
				FE1E620F2AD2F0C800971DC5 /* Preview Assets.xcassets */,
			);
			path = "Preview Content";
			sourceTree = "<group>";
		};
		FE1E62232AD3139600971DC5 /* CustomViews */ = {
			isa = PBXGroup;
			children = (
				FEBD2B0F2ADB28E000766043 /* CarouselView */,
				FEBD2B0E2ADB28D300766043 /* NetworkCustomImage */,
			);
			path = CustomViews;
			sourceTree = "<group>";
		};
		FE75B1662B09030F00662E4C /* Model */ = {
			isa = PBXGroup;
			children = (
				FE75B1642B09030B00662E4C /* MainTabs.swift */,
			);
			path = Model;
			sourceTree = "<group>";
		};
		FE892E682B00C42000F359B8 /* Home */ = {
			isa = PBXGroup;
			children = (
				FE0CDE7E2B0105760031C728 /* ViewModel */,
				FE0CDE7D2B01056D0031C728 /* View */,
			);
			path = Home;
			sourceTree = "<group>";
		};
		FE8BEA7C2AF7D5EA008C0B1A /* Search */ = {
			isa = PBXGroup;
			children = (
				FE8BEA802AF7D723008C0B1A /* Search.swift */,
				FE8BEA822AF7DE4E008C0B1A /* CharacterView.swift */,
			);
			path = Search;
			sourceTree = "<group>";
		};
		FEA1E05E2ADF30C0003412BD /* Tabbar */ = {
			isa = PBXGroup;
			children = (
				FE75B1662B09030F00662E4C /* Model */,
				FEA1E05F2ADF30D6003412BD /* TabBar.swift */,
				FEA1E0612ADF378B003412BD /* TabButton.swift */,
			);
			path = Tabbar;
			sourceTree = "<group>";
		};
		FEA1E0892AE42B51003412BD /* Model */ = {
			isa = PBXGroup;
			children = (
				FEA1E08B2AE42FCA003412BD /* NewsModel.swift */,
			);
			path = Model;
			sourceTree = "<group>";
		};
		FEBD2B0E2ADB28D300766043 /* NetworkCustomImage */ = {
			isa = PBXGroup;
			children = (
				FE1E62212AD30F4700971DC5 /* NetworkCustomImage.swift */,
			);
			path = NetworkCustomImage;
			sourceTree = "<group>";
		};
		FEBD2B0F2ADB28E000766043 /* CarouselView */ = {
			isa = PBXGroup;
			children = (
				FEBD2B0C2ADB251B00766043 /* CarouselView.swift */,
				FE1E62182AD2F5F900971DC5 /* CardView.swift */,
			);
			path = CarouselView;
			sourceTree = "<group>";
		};
		FEBD2B102ADB299900766043 /* App */ = {
			isa = PBXGroup;
			children = (
				FE1E62082AD2F0C600971DC5 /* NewsAppApp.swift */,
			);
			path = App;
			sourceTree = "<group>";
		};
		FEBD2B112ADB29BE00766043 /* ResourceHelpers */ = {
			isa = PBXGroup;
			children = (
				FE1E621D2AD2FEA600971DC5 /* Color.xcassets */,
				FE1E620C2AD2F0C800971DC5 /* Assets.xcassets */,
			);
			path = ResourceHelpers;
			sourceTree = "<group>";
		};
		FEBD2B122ADB29D900766043 /* Extensions */ = {
			isa = PBXGroup;
			children = (
				FE1E621B2AD2FDF500971DC5 /* Color+Extensions.swift */,
			);
			path = Extensions;
			sourceTree = "<group>";
		};
		FEBD2B132ADB2A0000766043 /* Scenes */ = {
			isa = PBXGroup;
			children = (
				FEA1E0872AE3EF60003412BD /* DemoCardView.swift */,
				FEA1E0822AE30946003412BD /* DemoHomeView.swift */,
				FEA1E0852AE3D491003412BD /* DemoItem.swift */,
				FEA1E05E2ADF30C0003412BD /* Tabbar */,
				FE892E682B00C42000F359B8 /* Home */,
				FE8BEA7C2AF7D5EA008C0B1A /* Search */,
			);
			path = Scenes;
			sourceTree = "<group>";
		};
/* End PBXGroup section */

/* Begin PBXNativeTarget section */
		FE1E62042AD2F0C600971DC5 /* NewsApp */ = {
			isa = PBXNativeTarget;
			buildConfigurationList = FE1E62132AD2F0C800971DC5 /* Build configuration list for PBXNativeTarget "NewsApp" */;
			buildPhases = (
				FE1E62012AD2F0C600971DC5 /* Sources */,
				FE1E62022AD2F0C600971DC5 /* Frameworks */,
				FE1E62032AD2F0C600971DC5 /* Resources */,
			);
			buildRules = (
			);
			dependencies = (
			);
			name = NewsApp;
			packageProductDependencies = (
				FE8BEA7E2AF7D6E9008C0B1A /* SDWebImageSwiftUI */,
			);
			productName = NewsApp;
			productReference = FE1E62052AD2F0C600971DC5 /* NewsApp.app */;
			productType = "com.apple.product-type.application";
		};
/* End PBXNativeTarget section */

/* Begin PBXProject section */
		FE1E61FD2AD2F0C600971DC5 /* Project object */ = {
			isa = PBXProject;
			attributes = {
				BuildIndependentTargetsInParallel = 1;
				LastSwiftUpdateCheck = 1420;
				LastUpgradeCheck = 1420;
				TargetAttributes = {
					FE1E62042AD2F0C600971DC5 = {
						CreatedOnToolsVersion = 14.2;
					};
				};
			};
			buildConfigurationList = FE1E62002AD2F0C600971DC5 /* Build configuration list for PBXProject "NewsApp" */;
			compatibilityVersion = "Xcode 14.0";
			developmentRegion = en;
			hasScannedForEncodings = 0;
			knownRegions = (
				en,
				Base,
			);
			mainGroup = FE1E61FC2AD2F0C600971DC5;
			packageReferences = (
				FE8BEA7D2AF7D6E8008C0B1A /* XCRemoteSwiftPackageReference "SDWebImageSwiftUI" */,
			);
			productRefGroup = FE1E62062AD2F0C600971DC5 /* Products */;
			projectDirPath = "";
			projectRoot = "";
			targets = (
				FE1E62042AD2F0C600971DC5 /* NewsApp */,
			);
		};
/* End PBXProject section */

/* Begin PBXResourcesBuildPhase section */
		FE1E62032AD2F0C600971DC5 /* Resources */ = {
			isa = PBXResourcesBuildPhase;
			buildActionMask = 2147483647;
			files = (
				FE1E62102AD2F0C800971DC5 /* Preview Assets.xcassets in Resources */,
				FE1E620D2AD2F0C800971DC5 /* Assets.xcassets in Resources */,
				FE1E621E2AD2FEA600971DC5 /* Color.xcassets in Resources */,
			);
			runOnlyForDeploymentPostprocessing = 0;
		};
/* End PBXResourcesBuildPhase section */

/* Begin PBXSourcesBuildPhase section */
		FE1E62012AD2F0C600971DC5 /* Sources */ = {
			isa = PBXSourcesBuildPhase;
			buildActionMask = 2147483647;
			files = (
				FEA1E08C2AE42FCA003412BD /* NewsModel.swift in Sources */,
				FEA1E0602ADF30D6003412BD /* TabBar.swift in Sources */,
				FEA1E0622ADF378B003412BD /* TabButton.swift in Sources */,
				FE1E62192AD2F5F900971DC5 /* CardView.swift in Sources */,
				FE8BEA832AF7DE4E008C0B1A /* CharacterView.swift in Sources */,
				FEA1E0862AE3D491003412BD /* DemoItem.swift in Sources */,
				FE75B1652B09030B00662E4C /* MainTabs.swift in Sources */,
				FEA1E0832AE30946003412BD /* DemoHomeView.swift in Sources */,
				FE1E62222AD30F4700971DC5 /* NetworkCustomImage.swift in Sources */,
				FEBD2B0D2ADB251B00766043 /* CarouselView.swift in Sources */,
				FE1E62092AD2F0C600971DC5 /* NewsAppApp.swift in Sources */,
				FE0CDE7C2B00D3070031C728 /* NewsHomeRowView.swift in Sources */,
				FE8BEA812AF7D723008C0B1A /* Search.swift in Sources */,
				FE0CDE832B0108110031C728 /* Constants.swift in Sources */,
				FE0CDE802B01058E0031C728 /* NewsHomeVM.swift in Sources */,
				FEA1E0882AE3EF60003412BD /* DemoCardView.swift in Sources */,
				FE892E6A2B00C43600F359B8 /* NewsHomeView.swift in Sources */,
				FE1E621C2AD2FDF600971DC5 /* Color+Extensions.swift in Sources */,
			);
			runOnlyForDeploymentPostprocessing = 0;
		};
/* End PBXSourcesBuildPhase section */

/* Begin XCBuildConfiguration section */
		FE1E62112AD2F0C800971DC5 /* Debug */ = {
			isa = XCBuildConfiguration;
			buildSettings = {
				ALWAYS_SEARCH_USER_PATHS = NO;
				CLANG_ANALYZER_NONNULL = YES;
				CLANG_ANALYZER_NUMBER_OBJECT_CONVERSION = YES_AGGRESSIVE;
				CLANG_CXX_LANGUAGE_STANDARD = "gnu++20";
				CLANG_ENABLE_MODULES = YES;
				CLANG_ENABLE_OBJC_ARC = YES;
				CLANG_ENABLE_OBJC_WEAK = YES;
				CLANG_WARN_BLOCK_CAPTURE_AUTORELEASING = YES;
				CLANG_WARN_BOOL_CONVERSION = YES;
				CLANG_WARN_COMMA = YES;
				CLANG_WARN_CONSTANT_CONVERSION = YES;
				CLANG_WARN_DEPRECATED_OBJC_IMPLEMENTATIONS = YES;
				CLANG_WARN_DIRECT_OBJC_ISA_USAGE = YES_ERROR;
				CLANG_WARN_DOCUMENTATION_COMMENTS = YES;
				CLANG_WARN_EMPTY_BODY = YES;
				CLANG_WARN_ENUM_CONVERSION = YES;
				CLANG_WARN_INFINITE_RECURSION = YES;
				CLANG_WARN_INT_CONVERSION = YES;
				CLANG_WARN_NON_LITERAL_NULL_CONVERSION = YES;
				CLANG_WARN_OBJC_IMPLICIT_RETAIN_SELF = YES;
				CLANG_WARN_OBJC_LITERAL_CONVERSION = YES;
				CLANG_WARN_OBJC_ROOT_CLASS = YES_ERROR;
				CLANG_WARN_QUOTED_INCLUDE_IN_FRAMEWORK_HEADER = YES;
				CLANG_WARN_RANGE_LOOP_ANALYSIS = YES;
				CLANG_WARN_STRICT_PROTOTYPES = YES;
				CLANG_WARN_SUSPICIOUS_MOVE = YES;
				CLANG_WARN_UNGUARDED_AVAILABILITY = YES_AGGRESSIVE;
				CLANG_WARN_UNREACHABLE_CODE = YES;
				CLANG_WARN__DUPLICATE_METHOD_MATCH = YES;
				COPY_PHASE_STRIP = NO;
				DEBUG_INFORMATION_FORMAT = dwarf;
				ENABLE_STRICT_OBJC_MSGSEND = YES;
				ENABLE_TESTABILITY = YES;
				GCC_C_LANGUAGE_STANDARD = gnu11;
				GCC_DYNAMIC_NO_PIC = NO;
				GCC_NO_COMMON_BLOCKS = YES;
				GCC_OPTIMIZATION_LEVEL = 0;
				GCC_PREPROCESSOR_DEFINITIONS = (
					"DEBUG=1",
					"$(inherited)",
				);
				GCC_WARN_64_TO_32_BIT_CONVERSION = YES;
				GCC_WARN_ABOUT_RETURN_TYPE = YES_ERROR;
				GCC_WARN_UNDECLARED_SELECTOR = YES;
				GCC_WARN_UNINITIALIZED_AUTOS = YES_AGGRESSIVE;
				GCC_WARN_UNUSED_FUNCTION = YES;
				GCC_WARN_UNUSED_VARIABLE = YES;
				IPHONEOS_DEPLOYMENT_TARGET = 16.2;
				MTL_ENABLE_DEBUG_INFO = INCLUDE_SOURCE;
				MTL_FAST_MATH = YES;
				ONLY_ACTIVE_ARCH = YES;
				SDKROOT = iphoneos;
				SWIFT_ACTIVE_COMPILATION_CONDITIONS = DEBUG;
				SWIFT_OPTIMIZATION_LEVEL = "-Onone";
			};
			name = Debug;
		};
		FE1E62122AD2F0C800971DC5 /* Release */ = {
			isa = XCBuildConfiguration;
			buildSettings = {
				ALWAYS_SEARCH_USER_PATHS = NO;
				CLANG_ANALYZER_NONNULL = YES;
				CLANG_ANALYZER_NUMBER_OBJECT_CONVERSION = YES_AGGRESSIVE;
				CLANG_CXX_LANGUAGE_STANDARD = "gnu++20";
				CLANG_ENABLE_MODULES = YES;
				CLANG_ENABLE_OBJC_ARC = YES;
				CLANG_ENABLE_OBJC_WEAK = YES;
				CLANG_WARN_BLOCK_CAPTURE_AUTORELEASING = YES;
				CLANG_WARN_BOOL_CONVERSION = YES;
				CLANG_WARN_COMMA = YES;
				CLANG_WARN_CONSTANT_CONVERSION = YES;
				CLANG_WARN_DEPRECATED_OBJC_IMPLEMENTATIONS = YES;
				CLANG_WARN_DIRECT_OBJC_ISA_USAGE = YES_ERROR;
				CLANG_WARN_DOCUMENTATION_COMMENTS = YES;
				CLANG_WARN_EMPTY_BODY = YES;
				CLANG_WARN_ENUM_CONVERSION = YES;
				CLANG_WARN_INFINITE_RECURSION = YES;
				CLANG_WARN_INT_CONVERSION = YES;
				CLANG_WARN_NON_LITERAL_NULL_CONVERSION = YES;
				CLANG_WARN_OBJC_IMPLICIT_RETAIN_SELF = YES;
				CLANG_WARN_OBJC_LITERAL_CONVERSION = YES;
				CLANG_WARN_OBJC_ROOT_CLASS = YES_ERROR;
				CLANG_WARN_QUOTED_INCLUDE_IN_FRAMEWORK_HEADER = YES;
				CLANG_WARN_RANGE_LOOP_ANALYSIS = YES;
				CLANG_WARN_STRICT_PROTOTYPES = YES;
				CLANG_WARN_SUSPICIOUS_MOVE = YES;
				CLANG_WARN_UNGUARDED_AVAILABILITY = YES_AGGRESSIVE;
				CLANG_WARN_UNREACHABLE_CODE = YES;
				CLANG_WARN__DUPLICATE_METHOD_MATCH = YES;
				COPY_PHASE_STRIP = NO;
				DEBUG_INFORMATION_FORMAT = "dwarf-with-dsym";
				ENABLE_NS_ASSERTIONS = NO;
				ENABLE_STRICT_OBJC_MSGSEND = YES;
				GCC_C_LANGUAGE_STANDARD = gnu11;
				GCC_NO_COMMON_BLOCKS = YES;
				GCC_WARN_64_TO_32_BIT_CONVERSION = YES;
				GCC_WARN_ABOUT_RETURN_TYPE = YES_ERROR;
				GCC_WARN_UNDECLARED_SELECTOR = YES;
				GCC_WARN_UNINITIALIZED_AUTOS = YES_AGGRESSIVE;
				GCC_WARN_UNUSED_FUNCTION = YES;
				GCC_WARN_UNUSED_VARIABLE = YES;
				IPHONEOS_DEPLOYMENT_TARGET = 16.2;
				MTL_ENABLE_DEBUG_INFO = NO;
				MTL_FAST_MATH = YES;
				SDKROOT = iphoneos;
				SWIFT_COMPILATION_MODE = wholemodule;
				SWIFT_OPTIMIZATION_LEVEL = "-O";
				VALIDATE_PRODUCT = YES;
			};
			name = Release;
		};
		FE1E62142AD2F0C800971DC5 /* Debug */ = {
			isa = XCBuildConfiguration;
			buildSettings = {
				ASSETCATALOG_COMPILER_APPICON_NAME = AppIcon;
				ASSETCATALOG_COMPILER_GLOBAL_ACCENT_COLOR_NAME = AccentColor;
				CODE_SIGN_STYLE = Automatic;
				CURRENT_PROJECT_VERSION = 1;
				DEVELOPMENT_ASSET_PATHS = "\"NewsApp/Preview Content\"";
				DEVELOPMENT_TEAM = SJJ8DXY36Z;
				ENABLE_PREVIEWS = YES;
				GENERATE_INFOPLIST_FILE = YES;
				INFOPLIST_KEY_UIApplicationSceneManifest_Generation = YES;
				INFOPLIST_KEY_UIApplicationSupportsIndirectInputEvents = YES;
				INFOPLIST_KEY_UILaunchScreen_Generation = YES;
				INFOPLIST_KEY_UISupportedInterfaceOrientations_iPad = "UIInterfaceOrientationPortrait UIInterfaceOrientationPortraitUpsideDown UIInterfaceOrientationLandscapeLeft UIInterfaceOrientationLandscapeRight";
				INFOPLIST_KEY_UISupportedInterfaceOrientations_iPhone = "UIInterfaceOrientationPortrait UIInterfaceOrientationLandscapeLeft UIInterfaceOrientationLandscapeRight";
				IPHONEOS_DEPLOYMENT_TARGET = 14.0;
				LD_RUNPATH_SEARCH_PATHS = (
					"$(inherited)",
					"@executable_path/Frameworks",
				);
				MARKETING_VERSION = 1.0;
				PRODUCT_BUNDLE_IDENTIFIER = bedirhanturhan.NewsApp;
				PRODUCT_NAME = "$(TARGET_NAME)";
				SWIFT_EMIT_LOC_STRINGS = YES;
				SWIFT_VERSION = 5.0;
				TARGETED_DEVICE_FAMILY = "1,2";
			};
			name = Debug;
		};
		FE1E62152AD2F0C800971DC5 /* Release */ = {
			isa = XCBuildConfiguration;
			buildSettings = {
				ASSETCATALOG_COMPILER_APPICON_NAME = AppIcon;
				ASSETCATALOG_COMPILER_GLOBAL_ACCENT_COLOR_NAME = AccentColor;
				CODE_SIGN_STYLE = Automatic;
				CURRENT_PROJECT_VERSION = 1;
				DEVELOPMENT_ASSET_PATHS = "\"NewsApp/Preview Content\"";
				DEVELOPMENT_TEAM = SJJ8DXY36Z;
				ENABLE_PREVIEWS = YES;
				GENERATE_INFOPLIST_FILE = YES;
				INFOPLIST_KEY_UIApplicationSceneManifest_Generation = YES;
				INFOPLIST_KEY_UIApplicationSupportsIndirectInputEvents = YES;
				INFOPLIST_KEY_UILaunchScreen_Generation = YES;
				INFOPLIST_KEY_UISupportedInterfaceOrientations_iPad = "UIInterfaceOrientationPortrait UIInterfaceOrientationPortraitUpsideDown UIInterfaceOrientationLandscapeLeft UIInterfaceOrientationLandscapeRight";
				INFOPLIST_KEY_UISupportedInterfaceOrientations_iPhone = "UIInterfaceOrientationPortrait UIInterfaceOrientationLandscapeLeft UIInterfaceOrientationLandscapeRight";
				IPHONEOS_DEPLOYMENT_TARGET = 14.0;
				LD_RUNPATH_SEARCH_PATHS = (
					"$(inherited)",
					"@executable_path/Frameworks",
				);
				MARKETING_VERSION = 1.0;
				PRODUCT_BUNDLE_IDENTIFIER = bedirhanturhan.NewsApp;
				PRODUCT_NAME = "$(TARGET_NAME)";
				SWIFT_EMIT_LOC_STRINGS = YES;
				SWIFT_VERSION = 5.0;
				TARGETED_DEVICE_FAMILY = "1,2";
			};
			name = Release;
		};
/* End XCBuildConfiguration section */

/* Begin XCConfigurationList section */
		FE1E62002AD2F0C600971DC5 /* Build configuration list for PBXProject "NewsApp" */ = {
			isa = XCConfigurationList;
			buildConfigurations = (
				FE1E62112AD2F0C800971DC5 /* Debug */,
				FE1E62122AD2F0C800971DC5 /* Release */,
			);
			defaultConfigurationIsVisible = 0;
			defaultConfigurationName = Release;
		};
		FE1E62132AD2F0C800971DC5 /* Build configuration list for PBXNativeTarget "NewsApp" */ = {
			isa = XCConfigurationList;
			buildConfigurations = (
				FE1E62142AD2F0C800971DC5 /* Debug */,
				FE1E62152AD2F0C800971DC5 /* Release */,
			);
			defaultConfigurationIsVisible = 0;
			defaultConfigurationName = Release;
		};
/* End XCConfigurationList section */

/* Begin XCRemoteSwiftPackageReference section */
		FE8BEA7D2AF7D6E8008C0B1A /* XCRemoteSwiftPackageReference "SDWebImageSwiftUI" */ = {
			isa = XCRemoteSwiftPackageReference;
			repositoryURL = "https://github.com/SDWebImage/SDWebImageSwiftUI.git";
			requirement = {
				kind = exactVersion;
				version = 2.2.4;
			};
		};
/* End XCRemoteSwiftPackageReference section */

/* Begin XCSwiftPackageProductDependency section */
		FE8BEA7E2AF7D6E9008C0B1A /* SDWebImageSwiftUI */ = {
			isa = XCSwiftPackageProductDependency;
			package = FE8BEA7D2AF7D6E8008C0B1A /* XCRemoteSwiftPackageReference "SDWebImageSwiftUI" */;
			productName = SDWebImageSwiftUI;
		};
/* End XCSwiftPackageProductDependency section */
	};
	rootObject = FE1E61FD2AD2F0C600971DC5 /* Project object */;
}
